
Microsoft Visual Studio Solution File, Format Version 12.00
# Visual Studio 15
VisualStudioVersion = 15.0.26730.8
MinimumVisualStudioVersion = 10.0.40219.1
Project("{FAE04EC0-301F-11D3-BF4B-00C04F79EFBC}") = "Lists.Android", "Lists\Lists.Android\Lists.Android.csproj", "{C66163CB-DC93-4D2D-9E59-5B4739DEBFD0}"
EndProject
Project("{FAE04EC0-301F-11D3-BF4B-00C04F79EFBC}") = "Lists", "Lists\Lists\Lists.csproj", "{CA69D678-9027-449A-A6F1-13DFB31889CC}"
EndProject
Project("{FAE04EC0-301F-11D3-BF4B-00C04F79EFBC}") = "Lists.iOS", "Lists\Lists.iOS\Lists.iOS.csproj", "{0BE68364-3794-4FA5-A44F-EB25AB293456}"
EndProject
Global
	GlobalSection(SolutionConfigurationPlatforms) = preSolution
		Ad-Hoc|Any CPU = Ad-Hoc|Any CPU
		Ad-Hoc|iPhone = Ad-Hoc|iPhone
		Ad-Hoc|iPhoneSimulator = Ad-Hoc|iPhoneSimulator
		AppStore|Any CPU = AppStore|Any CPU
		AppStore|iPhone = AppStore|iPhone
		AppStore|iPhoneSimulator = AppStore|iPhoneSimulator
		Debug|Any CPU = Debug|Any CPU
		Debug|iPhone = Debug|iPhone
		Debug|iPhoneSimulator = Debug|iPhoneSimulator
		Release|Any CPU = Release|Any CPU
		Release|iPhone = Release|iPhone
		Release|iPhoneSimulator = Release|iPhoneSimulator
	EndGlobalSection
	GlobalSection(ProjectConfigurationPlatforms) = postSolution
		{C66163CB-DC93-4D2D-9E59-5B4739DEBFD0}.Ad-Hoc|Any CPU.ActiveCfg = Release|Any CPU
		{C66163CB-DC93-4D2D-9E59-5B4739DEBFD0}.Ad-Hoc|Any CPU.Build.0 = Release|Any CPU
		{C66163CB-DC93-4D2D-9E59-5B4739DEBFD0}.Ad-Hoc|Any CPU.Deploy.0 = Release|Any CPU
		{C66163CB-DC93-4D2D-9E59-5B4739DEBFD0}.Ad-Hoc|iPhone.ActiveCfg = Release|Any CPU
		{C66163CB-DC93-4D2D-9E59-5B4739DEBFD0}.Ad-Hoc|iPhone.Build.0 = Release|Any CPU
		{C66163CB-DC93-4D2D-9E59-5B4739DEBFD0}.Ad-Hoc|iPhone.Deploy.0 = Release|Any CPU
		{C66163CB-DC93-4D2D-9E59-5B4739DEBFD0}.Ad-Hoc|iPhoneSimulator.ActiveCfg = Release|Any CPU
		{C66163CB-DC93-4D2D-9E59-5B4739DEBFD0}.Ad-Hoc|iPhoneSimulator.Build.0 = Release|Any CPU
		{C66163CB-DC93-4D2D-9E59-5B4739DEBFD0}.Ad-Hoc|iPhoneSimulator.Deploy.0 = Release|Any CPU
		{C66163CB-DC93-4D2D-9E59-5B4739DEBFD0}.AppStore|Any CPU.ActiveCfg = Release|Any CPU
		{C66163CB-DC93-4D2D-9E59-5B4739DEBFD0}.AppStore|Any CPU.Build.0 = Release|Any CPU
		{C66163CB-DC93-4D2D-9E59-5B4739DEBFD0}.AppStore|Any CPU.Deploy.0 = Release|Any CPU
		{C66163CB-DC93-4D2D-9E59-5B4739DEBFD0}.AppStore|iPhone.ActiveCfg = Release|Any CPU
		{C66163CB-DC93-4D2D-9E59-5B4739DEBFD0}.AppStore|iPhone.Build.0 = Release|Any CPU
		{C66163CB-DC93-4D2D-9E59-5B4739DEBFD0}.AppStore|iPhone.Deploy.0 = Release|Any CPU
		{C66163CB-DC93-4D2D-9E59-5B4739DEBFD0}.AppStore|iPhoneSimulator.ActiveCfg = Release|Any CPU
		{C66163CB-DC93-4D2D-9E59-5B4739DEBFD0}.AppStore|iPhoneSimulator.Build.0 = Release|Any CPU
		{C66163CB-DC93-4D2D-9E59-5B4739DEBFD0}.AppStore|iPhoneSimulator.Deploy.0 = Release|Any CPU
		{C66163CB-DC93-4D2D-9E59-5B4739DEBFD0}.Debug|Any CPU.ActiveCfg = Debug|Any CPU
		{C66163CB-DC93-4D2D-9E59-5B4739DEBFD0}.Debug|Any CPU.Build.0 = Debug|Any CPU
		{C66163CB-DC93-4D2D-9E59-5B4739DEBFD0}.Debug|Any CPU.Deploy.0 = Debug|Any CPU
		{C66163CB-DC93-4D2D-9E59-5B4739DEBFD0}.Debug|iPhone.ActiveCfg = Debug|Any CPU
		{C66163CB-DC93-4D2D-9E59-5B4739DEBFD0}.Debug|iPhone.Build.0 = Debug|Any CPU
		{C66163CB-DC93-4D2D-9E59-5B4739DEBFD0}.Debug|iPhone.Deploy.0 = Debug|Any CPU
		{C66163CB-DC93-4D2D-9E59-5B4739DEBFD0}.Debug|iPhoneSimulator.ActiveCfg = Debug|Any CPU
		{C66163CB-DC93-4D2D-9E59-5B4739DEBFD0}.Debug|iPhoneSimulator.Build.0 = Debug|Any CPU
		{C66163CB-DC93-4D2D-9E59-5B4739DEBFD0}.Debug|iPhoneSimulator.Deploy.0 = Debug|Any CPU
		{C66163CB-DC93-4D2D-9E59-5B4739DEBFD0}.Release|Any CPU.ActiveCfg = Release|Any CPU
		{C66163CB-DC93-4D2D-9E59-5B4739DEBFD0}.Release|Any CPU.Build.0 = Release|Any CPU
		{C66163CB-DC93-4D2D-9E59-5B4739DEBFD0}.Release|Any CPU.Deploy.0 = Release|Any CPU
		{C66163CB-DC93-4D2D-9E59-5B4739DEBFD0}.Release|iPhone.ActiveCfg = Release|Any CPU
		{C66163CB-DC93-4D2D-9E59-5B4739DEBFD0}.Release|iPhone.Build.0 = Release|Any CPU
		{C66163CB-DC93-4D2D-9E59-5B4739DEBFD0}.Release|iPhone.Deploy.0 = Release|Any CPU
		{C66163CB-DC93-4D2D-9E59-5B4739DEBFD0}.Release|iPhoneSimulator.ActiveCfg = Release|Any CPU
		{C66163CB-DC93-4D2D-9E59-5B4739DEBFD0}.Release|iPhoneSimulator.Build.0 = Release|Any CPU
		{C66163CB-DC93-4D2D-9E59-5B4739DEBFD0}.Release|iPhoneSimulator.Deploy.0 = Release|Any CPU
		{CA69D678-9027-449A-A6F1-13DFB31889CC}.Ad-Hoc|Any CPU.ActiveCfg = Release|Any CPU
		{CA69D678-9027-449A-A6F1-13DFB31889CC}.Ad-Hoc|Any CPU.Build.0 = Release|Any CPU
		{CA69D678-9027-449A-A6F1-13DFB31889CC}.Ad-Hoc|iPhone.ActiveCfg = Release|Any CPU
		{CA69D678-9027-449A-A6F1-13DFB31889CC}.Ad-Hoc|iPhone.Build.0 = Release|Any CPU
		{CA69D678-9027-449A-A6F1-13DFB31889CC}.Ad-Hoc|iPhoneSimulator.ActiveCfg = Release|Any CPU
		{CA69D678-9027-449A-A6F1-13DFB31889CC}.Ad-Hoc|iPhoneSimulator.Build.0 = Release|Any CPU
		{CA69D678-9027-449A-A6F1-13DFB31889CC}.AppStore|Any CPU.ActiveCfg = Release|Any CPU
		{CA69D678-9027-449A-A6F1-13DFB31889CC}.AppStore|Any CPU.Build.0 = Release|Any CPU
		{CA69D678-9027-449A-A6F1-13DFB31889CC}.AppStore|iPhone.ActiveCfg = Release|Any CPU
		{CA69D678-9027-449A-A6F1-13DFB31889CC}.AppStore|iPhone.Build.0 = Release|Any CPU
		{CA69D678-9027-449A-A6F1-13DFB31889CC}.AppStore|iPhoneSimulator.ActiveCfg = Release|Any CPU
		{CA69D678-9027-449A-A6F1-13DFB31889CC}.AppStore|iPhoneSimulator.Build.0 = Release|Any CPU
		{CA69D678-9027-449A-A6F1-13DFB31889CC}.Debug|Any CPU.ActiveCfg = Debug|Any CPU
		{CA69D678-9027-449A-A6F1-13DFB31889CC}.Debug|Any CPU.Build.0 = Debug|Any CPU
		{CA69D678-9027-449A-A6F1-13DFB31889CC}.Debug|iPhone.ActiveCfg = Debug|Any CPU
		{CA69D678-9027-449A-A6F1-13DFB31889CC}.Debug|iPhone.Build.0 = Debug|Any CPU
		{CA69D678-9027-449A-A6F1-13DFB31889CC}.Debug|iPhoneSimulator.ActiveCfg = Debug|Any CPU
		{CA69D678-9027-449A-A6F1-13DFB31889CC}.Debug|iPhoneSimulator.Build.0 = Debug|Any CPU
		{CA69D678-9027-449A-A6F1-13DFB31889CC}.Release|Any CPU.ActiveCfg = Release|Any CPU
		{CA69D678-9027-449A-A6F1-13DFB31889CC}.Release|Any CPU.Build.0 = Release|Any CPU
		{CA69D678-9027-449A-A6F1-13DFB31889CC}.Release|iPhone.ActiveCfg = Release|Any CPU
		{CA69D678-9027-449A-A6F1-13DFB31889CC}.Release|iPhone.Build.0 = Release|Any CPU
		{CA69D678-9027-449A-A6F1-13DFB31889CC}.Release|iPhoneSimulator.ActiveCfg = Release|Any CPU
		{CA69D678-9027-449A-A6F1-13DFB31889CC}.Release|iPhoneSimulator.Build.0 = Release|Any CPU
		{0BE68364-3794-4FA5-A44F-EB25AB293456}.Ad-Hoc|Any CPU.ActiveCfg = Ad-Hoc|iPhone
		{0BE68364-3794-4FA5-A44F-EB25AB293456}.Ad-Hoc|iPhone.ActiveCfg = Ad-Hoc|iPhone
		{0BE68364-3794-4FA5-A44F-EB25AB293456}.Ad-Hoc|iPhone.Build.0 = Ad-Hoc|iPhone
		{0BE68364-3794-4FA5-A44F-EB25AB293456}.Ad-Hoc|iPhoneSimulator.ActiveCfg = Ad-Hoc|iPhoneSimulator
		{0BE68364-3794-4FA5-A44F-EB25AB293456}.Ad-Hoc|iPhoneSimulator.Build.0 = Ad-Hoc|iPhoneSimulator
		{0BE68364-3794-4FA5-A44F-EB25AB293456}.AppStore|Any CPU.ActiveCfg = AppStore|iPhone
		{0BE68364-3794-4FA5-A44F-EB25AB293456}.AppStore|iPhone.ActiveCfg = AppStore|iPhone
		{0BE68364-3794-4FA5-A44F-EB25AB293456}.AppStore|iPhone.Build.0 = AppStore|iPhone
		{0BE68364-3794-4FA5-A44F-EB25AB293456}.AppStore|iPhoneSimulator.ActiveCfg = AppStore|iPhoneSimulator
		{0BE68364-3794-4FA5-A44F-EB25AB293456}.AppStore|iPhoneSimulator.Build.0 = AppStore|iPhoneSimulator
		{0BE68364-3794-4FA5-A44F-EB25AB293456}.Debug|Any CPU.ActiveCfg = Debug|iPhone
		{0BE68364-3794-4FA5-A44F-EB25AB293456}.Debug|iPhone.ActiveCfg = Debug|iPhone
		{0BE68364-3794-4FA5-A44F-EB25AB293456}.Debug|iPhone.Build.0 = Debug|iPhone
		{0BE68364-3794-4FA5-A44F-EB25AB293456}.Debug|iPhoneSimulator.ActiveCfg = Debug|iPhoneSimulator
		{0BE68364-3794-4FA5-A44F-EB25AB293456}.Debug|iPhoneSimulator.Build.0 = Debug|iPhoneSimulator
		{0BE68364-3794-4FA5-A44F-EB25AB293456}.Release|Any CPU.ActiveCfg = Release|iPhone
		{0BE68364-3794-4FA5-A44F-EB25AB293456}.Release|iPhone.ActiveCfg = Release|iPhone
		{0BE68364-3794-4FA5-A44F-EB25AB293456}.Release|iPhone.Build.0 = Release|iPhone
		{0BE68364-3794-4FA5-A44F-EB25AB293456}.Release|iPhoneSimulator.ActiveCfg = Release|iPhoneSimulator
		{0BE68364-3794-4FA5-A44F-EB25AB293456}.Release|iPhoneSimulator.Build.0 = Release|iPhoneSimulator
	EndGlobalSection
	GlobalSection(SolutionProperties) = preSolution
		HideSolutionNode = FALSE
	EndGlobalSection
	GlobalSection(ExtensibilityGlobals) = postSolution
		SolutionGuid = {7C104891-5825-47BF-875D-BD46E18916D2}
	EndGlobalSection
EndGlobal
