
Microsoft Visual Studio Solution File, Format Version 12.00
# Visual Studio 15
VisualStudioVersion = 15.0.26730.8
MinimumVisualStudioVersion = 10.0.40219.1
Project("{FAE04EC0-301F-11D3-BF4B-00C04F79EFBC}") = "WorkingDemoLayout.Android", "WorkingDemoLayout\WorkingDemoLayout.Android\WorkingDemoLayout.Android.csproj", "{0BE9B14A-C5AA-46BA-9000-FAACF83F3FB9}"
EndProject
Project("{FAE04EC0-301F-11D3-BF4B-00C04F79EFBC}") = "WorkingDemoLayout", "WorkingDemoLayout\WorkingDemoLayout\WorkingDemoLayout.csproj", "{3E14AE72-69D8-420F-9CAF-EF9140DBF6BC}"
EndProject
Project("{FAE04EC0-301F-11D3-BF4B-00C04F79EFBC}") = "WorkingDemoLayout.UWP", "WorkingDemoLayout\WorkingDemoLayout.UWP\WorkingDemoLayout.UWP.csproj", "{C969E487-B686-40AB-BDDE-F22CAB293CAE}"
EndProject
Project("{FAE04EC0-301F-11D3-BF4B-00C04F79EFBC}") = "WorkingDemoLayout.iOS", "WorkingDemoLayout\WorkingDemoLayout.iOS\WorkingDemoLayout.iOS.csproj", "{ADA35496-3BA5-4985-A8E3-A572F9AEFAD1}"
EndProject
Global
	GlobalSection(SolutionConfigurationPlatforms) = preSolution
		Ad-Hoc|Any CPU = Ad-Hoc|Any CPU
		Ad-Hoc|ARM = Ad-Hoc|ARM
		Ad-Hoc|iPhone = Ad-Hoc|iPhone
		Ad-Hoc|iPhoneSimulator = Ad-Hoc|iPhoneSimulator
		Ad-Hoc|x64 = Ad-Hoc|x64
		Ad-Hoc|x86 = Ad-Hoc|x86
		AppStore|Any CPU = AppStore|Any CPU
		AppStore|ARM = AppStore|ARM
		AppStore|iPhone = AppStore|iPhone
		AppStore|iPhoneSimulator = AppStore|iPhoneSimulator
		AppStore|x64 = AppStore|x64
		AppStore|x86 = AppStore|x86
		Debug|Any CPU = Debug|Any CPU
		Debug|ARM = Debug|ARM
		Debug|iPhone = Debug|iPhone
		Debug|iPhoneSimulator = Debug|iPhoneSimulator
		Debug|x64 = Debug|x64
		Debug|x86 = Debug|x86
		Release|Any CPU = Release|Any CPU
		Release|ARM = Release|ARM
		Release|iPhone = Release|iPhone
		Release|iPhoneSimulator = Release|iPhoneSimulator
		Release|x64 = Release|x64
		Release|x86 = Release|x86
	EndGlobalSection
	GlobalSection(ProjectConfigurationPlatforms) = postSolution
		{0BE9B14A-C5AA-46BA-9000-FAACF83F3FB9}.Ad-Hoc|Any CPU.ActiveCfg = Release|Any CPU
		{0BE9B14A-C5AA-46BA-9000-FAACF83F3FB9}.Ad-Hoc|Any CPU.Build.0 = Release|Any CPU
		{0BE9B14A-C5AA-46BA-9000-FAACF83F3FB9}.Ad-Hoc|Any CPU.Deploy.0 = Release|Any CPU
		{0BE9B14A-C5AA-46BA-9000-FAACF83F3FB9}.Ad-Hoc|ARM.ActiveCfg = Release|Any CPU
		{0BE9B14A-C5AA-46BA-9000-FAACF83F3FB9}.Ad-Hoc|ARM.Build.0 = Release|Any CPU
		{0BE9B14A-C5AA-46BA-9000-FAACF83F3FB9}.Ad-Hoc|ARM.Deploy.0 = Release|Any CPU
		{0BE9B14A-C5AA-46BA-9000-FAACF83F3FB9}.Ad-Hoc|iPhone.ActiveCfg = Release|Any CPU
		{0BE9B14A-C5AA-46BA-9000-FAACF83F3FB9}.Ad-Hoc|iPhone.Build.0 = Release|Any CPU
		{0BE9B14A-C5AA-46BA-9000-FAACF83F3FB9}.Ad-Hoc|iPhone.Deploy.0 = Release|Any CPU
		{0BE9B14A-C5AA-46BA-9000-FAACF83F3FB9}.Ad-Hoc|iPhoneSimulator.ActiveCfg = Release|Any CPU
		{0BE9B14A-C5AA-46BA-9000-FAACF83F3FB9}.Ad-Hoc|iPhoneSimulator.Build.0 = Release|Any CPU
		{0BE9B14A-C5AA-46BA-9000-FAACF83F3FB9}.Ad-Hoc|iPhoneSimulator.Deploy.0 = Release|Any CPU
		{0BE9B14A-C5AA-46BA-9000-FAACF83F3FB9}.Ad-Hoc|x64.ActiveCfg = Release|Any CPU
		{0BE9B14A-C5AA-46BA-9000-FAACF83F3FB9}.Ad-Hoc|x64.Build.0 = Release|Any CPU
		{0BE9B14A-C5AA-46BA-9000-FAACF83F3FB9}.Ad-Hoc|x64.Deploy.0 = Release|Any CPU
		{0BE9B14A-C5AA-46BA-9000-FAACF83F3FB9}.Ad-Hoc|x86.ActiveCfg = Release|Any CPU
		{0BE9B14A-C5AA-46BA-9000-FAACF83F3FB9}.Ad-Hoc|x86.Build.0 = Release|Any CPU
		{0BE9B14A-C5AA-46BA-9000-FAACF83F3FB9}.Ad-Hoc|x86.Deploy.0 = Release|Any CPU
		{0BE9B14A-C5AA-46BA-9000-FAACF83F3FB9}.AppStore|Any CPU.ActiveCfg = Release|Any CPU
		{0BE9B14A-C5AA-46BA-9000-FAACF83F3FB9}.AppStore|Any CPU.Build.0 = Release|Any CPU
		{0BE9B14A-C5AA-46BA-9000-FAACF83F3FB9}.AppStore|Any CPU.Deploy.0 = Release|Any CPU
		{0BE9B14A-C5AA-46BA-9000-FAACF83F3FB9}.AppStore|ARM.ActiveCfg = Release|Any CPU
		{0BE9B14A-C5AA-46BA-9000-FAACF83F3FB9}.AppStore|ARM.Build.0 = Release|Any CPU
		{0BE9B14A-C5AA-46BA-9000-FAACF83F3FB9}.AppStore|ARM.Deploy.0 = Release|Any CPU
		{0BE9B14A-C5AA-46BA-9000-FAACF83F3FB9}.AppStore|iPhone.ActiveCfg = Release|Any CPU
		{0BE9B14A-C5AA-46BA-9000-FAACF83F3FB9}.AppStore|iPhone.Build.0 = Release|Any CPU
		{0BE9B14A-C5AA-46BA-9000-FAACF83F3FB9}.AppStore|iPhone.Deploy.0 = Release|Any CPU
		{0BE9B14A-C5AA-46BA-9000-FAACF83F3FB9}.AppStore|iPhoneSimulator.ActiveCfg = Release|Any CPU
		{0BE9B14A-C5AA-46BA-9000-FAACF83F3FB9}.AppStore|iPhoneSimulator.Build.0 = Release|Any CPU
		{0BE9B14A-C5AA-46BA-9000-FAACF83F3FB9}.AppStore|iPhoneSimulator.Deploy.0 = Release|Any CPU
		{0BE9B14A-C5AA-46BA-9000-FAACF83F3FB9}.AppStore|x64.ActiveCfg = Release|Any CPU
		{0BE9B14A-C5AA-46BA-9000-FAACF83F3FB9}.AppStore|x64.Build.0 = Release|Any CPU
		{0BE9B14A-C5AA-46BA-9000-FAACF83F3FB9}.AppStore|x64.Deploy.0 = Release|Any CPU
		{0BE9B14A-C5AA-46BA-9000-FAACF83F3FB9}.AppStore|x86.ActiveCfg = Release|Any CPU
		{0BE9B14A-C5AA-46BA-9000-FAACF83F3FB9}.AppStore|x86.Build.0 = Release|Any CPU
		{0BE9B14A-C5AA-46BA-9000-FAACF83F3FB9}.AppStore|x86.Deploy.0 = Release|Any CPU
		{0BE9B14A-C5AA-46BA-9000-FAACF83F3FB9}.Debug|Any CPU.ActiveCfg = Debug|Any CPU
		{0BE9B14A-C5AA-46BA-9000-FAACF83F3FB9}.Debug|Any CPU.Build.0 = Debug|Any CPU
		{0BE9B14A-C5AA-46BA-9000-FAACF83F3FB9}.Debug|Any CPU.Deploy.0 = Debug|Any CPU
		{0BE9B14A-C5AA-46BA-9000-FAACF83F3FB9}.Debug|ARM.ActiveCfg = Debug|Any CPU
		{0BE9B14A-C5AA-46BA-9000-FAACF83F3FB9}.Debug|ARM.Build.0 = Debug|Any CPU
		{0BE9B14A-C5AA-46BA-9000-FAACF83F3FB9}.Debug|ARM.Deploy.0 = Debug|Any CPU
		{0BE9B14A-C5AA-46BA-9000-FAACF83F3FB9}.Debug|iPhone.ActiveCfg = Debug|Any CPU
		{0BE9B14A-C5AA-46BA-9000-FAACF83F3FB9}.Debug|iPhone.Build.0 = Debug|Any CPU
		{0BE9B14A-C5AA-46BA-9000-FAACF83F3FB9}.Debug|iPhone.Deploy.0 = Debug|Any CPU
		{0BE9B14A-C5AA-46BA-9000-FAACF83F3FB9}.Debug|iPhoneSimulator.ActiveCfg = Debug|Any CPU
		{0BE9B14A-C5AA-46BA-9000-FAACF83F3FB9}.Debug|iPhoneSimulator.Build.0 = Debug|Any CPU
		{0BE9B14A-C5AA-46BA-9000-FAACF83F3FB9}.Debug|iPhoneSimulator.Deploy.0 = Debug|Any CPU
		{0BE9B14A-C5AA-46BA-9000-FAACF83F3FB9}.Debug|x64.ActiveCfg = Debug|Any CPU
		{0BE9B14A-C5AA-46BA-9000-FAACF83F3FB9}.Debug|x64.Build.0 = Debug|Any CPU
		{0BE9B14A-C5AA-46BA-9000-FAACF83F3FB9}.Debug|x64.Deploy.0 = Debug|Any CPU
		{0BE9B14A-C5AA-46BA-9000-FAACF83F3FB9}.Debug|x86.ActiveCfg = Debug|Any CPU
		{0BE9B14A-C5AA-46BA-9000-FAACF83F3FB9}.Debug|x86.Build.0 = Debug|Any CPU
		{0BE9B14A-C5AA-46BA-9000-FAACF83F3FB9}.Debug|x86.Deploy.0 = Debug|Any CPU
		{0BE9B14A-C5AA-46BA-9000-FAACF83F3FB9}.Release|Any CPU.ActiveCfg = Release|Any CPU
		{0BE9B14A-C5AA-46BA-9000-FAACF83F3FB9}.Release|Any CPU.Build.0 = Release|Any CPU
		{0BE9B14A-C5AA-46BA-9000-FAACF83F3FB9}.Release|Any CPU.Deploy.0 = Release|Any CPU
		{0BE9B14A-C5AA-46BA-9000-FAACF83F3FB9}.Release|ARM.ActiveCfg = Release|Any CPU
		{0BE9B14A-C5AA-46BA-9000-FAACF83F3FB9}.Release|ARM.Build.0 = Release|Any CPU
		{0BE9B14A-C5AA-46BA-9000-FAACF83F3FB9}.Release|ARM.Deploy.0 = Release|Any CPU
		{0BE9B14A-C5AA-46BA-9000-FAACF83F3FB9}.Release|iPhone.ActiveCfg = Release|Any CPU
		{0BE9B14A-C5AA-46BA-9000-FAACF83F3FB9}.Release|iPhone.Build.0 = Release|Any CPU
		{0BE9B14A-C5AA-46BA-9000-FAACF83F3FB9}.Release|iPhone.Deploy.0 = Release|Any CPU
		{0BE9B14A-C5AA-46BA-9000-FAACF83F3FB9}.Release|iPhoneSimulator.ActiveCfg = Release|Any CPU
		{0BE9B14A-C5AA-46BA-9000-FAACF83F3FB9}.Release|iPhoneSimulator.Build.0 = Release|Any CPU
		{0BE9B14A-C5AA-46BA-9000-FAACF83F3FB9}.Release|iPhoneSimulator.Deploy.0 = Release|Any CPU
		{0BE9B14A-C5AA-46BA-9000-FAACF83F3FB9}.Release|x64.ActiveCfg = Release|Any CPU
		{0BE9B14A-C5AA-46BA-9000-FAACF83F3FB9}.Release|x64.Build.0 = Release|Any CPU
		{0BE9B14A-C5AA-46BA-9000-FAACF83F3FB9}.Release|x64.Deploy.0 = Release|Any CPU
		{0BE9B14A-C5AA-46BA-9000-FAACF83F3FB9}.Release|x86.ActiveCfg = Release|Any CPU
		{0BE9B14A-C5AA-46BA-9000-FAACF83F3FB9}.Release|x86.Build.0 = Release|Any CPU
		{0BE9B14A-C5AA-46BA-9000-FAACF83F3FB9}.Release|x86.Deploy.0 = Release|Any CPU
		{3E14AE72-69D8-420F-9CAF-EF9140DBF6BC}.Ad-Hoc|Any CPU.ActiveCfg = Release|Any CPU
		{3E14AE72-69D8-420F-9CAF-EF9140DBF6BC}.Ad-Hoc|Any CPU.Build.0 = Release|Any CPU
		{3E14AE72-69D8-420F-9CAF-EF9140DBF6BC}.Ad-Hoc|ARM.ActiveCfg = Release|Any CPU
		{3E14AE72-69D8-420F-9CAF-EF9140DBF6BC}.Ad-Hoc|ARM.Build.0 = Release|Any CPU
		{3E14AE72-69D8-420F-9CAF-EF9140DBF6BC}.Ad-Hoc|iPhone.ActiveCfg = Release|Any CPU
		{3E14AE72-69D8-420F-9CAF-EF9140DBF6BC}.Ad-Hoc|iPhone.Build.0 = Release|Any CPU
		{3E14AE72-69D8-420F-9CAF-EF9140DBF6BC}.Ad-Hoc|iPhoneSimulator.ActiveCfg = Release|Any CPU
		{3E14AE72-69D8-420F-9CAF-EF9140DBF6BC}.Ad-Hoc|iPhoneSimulator.Build.0 = Release|Any CPU
		{3E14AE72-69D8-420F-9CAF-EF9140DBF6BC}.Ad-Hoc|x64.ActiveCfg = Release|Any CPU
		{3E14AE72-69D8-420F-9CAF-EF9140DBF6BC}.Ad-Hoc|x64.Build.0 = Release|Any CPU
		{3E14AE72-69D8-420F-9CAF-EF9140DBF6BC}.Ad-Hoc|x86.ActiveCfg = Release|Any CPU
		{3E14AE72-69D8-420F-9CAF-EF9140DBF6BC}.Ad-Hoc|x86.Build.0 = Release|Any CPU
		{3E14AE72-69D8-420F-9CAF-EF9140DBF6BC}.AppStore|Any CPU.ActiveCfg = Release|Any CPU
		{3E14AE72-69D8-420F-9CAF-EF9140DBF6BC}.AppStore|Any CPU.Build.0 = Release|Any CPU
		{3E14AE72-69D8-420F-9CAF-EF9140DBF6BC}.AppStore|ARM.ActiveCfg = Release|Any CPU
		{3E14AE72-69D8-420F-9CAF-EF9140DBF6BC}.AppStore|ARM.Build.0 = Release|Any CPU
		{3E14AE72-69D8-420F-9CAF-EF9140DBF6BC}.AppStore|iPhone.ActiveCfg = Release|Any CPU
		{3E14AE72-69D8-420F-9CAF-EF9140DBF6BC}.AppStore|iPhone.Build.0 = Release|Any CPU
		{3E14AE72-69D8-420F-9CAF-EF9140DBF6BC}.AppStore|iPhoneSimulator.ActiveCfg = Release|Any CPU
		{3E14AE72-69D8-420F-9CAF-EF9140DBF6BC}.AppStore|iPhoneSimulator.Build.0 = Release|Any CPU
		{3E14AE72-69D8-420F-9CAF-EF9140DBF6BC}.AppStore|x64.ActiveCfg = Release|Any CPU
		{3E14AE72-69D8-420F-9CAF-EF9140DBF6BC}.AppStore|x64.Build.0 = Release|Any CPU
		{3E14AE72-69D8-420F-9CAF-EF9140DBF6BC}.AppStore|x86.ActiveCfg = Release|Any CPU
		{3E14AE72-69D8-420F-9CAF-EF9140DBF6BC}.AppStore|x86.Build.0 = Release|Any CPU
		{3E14AE72-69D8-420F-9CAF-EF9140DBF6BC}.Debug|Any CPU.ActiveCfg = Debug|Any CPU
		{3E14AE72-69D8-420F-9CAF-EF9140DBF6BC}.Debug|Any CPU.Build.0 = Debug|Any CPU
		{3E14AE72-69D8-420F-9CAF-EF9140DBF6BC}.Debug|ARM.ActiveCfg = Debug|Any CPU
		{3E14AE72-69D8-420F-9CAF-EF9140DBF6BC}.Debug|ARM.Build.0 = Debug|Any CPU
		{3E14AE72-69D8-420F-9CAF-EF9140DBF6BC}.Debug|iPhone.ActiveCfg = Debug|Any CPU
		{3E14AE72-69D8-420F-9CAF-EF9140DBF6BC}.Debug|iPhone.Build.0 = Debug|Any CPU
		{3E14AE72-69D8-420F-9CAF-EF9140DBF6BC}.Debug|iPhoneSimulator.ActiveCfg = Debug|Any CPU
		{3E14AE72-69D8-420F-9CAF-EF9140DBF6BC}.Debug|iPhoneSimulator.Build.0 = Debug|Any CPU
		{3E14AE72-69D8-420F-9CAF-EF9140DBF6BC}.Debug|x64.ActiveCfg = Debug|Any CPU
		{3E14AE72-69D8-420F-9CAF-EF9140DBF6BC}.Debug|x64.Build.0 = Debug|Any CPU
		{3E14AE72-69D8-420F-9CAF-EF9140DBF6BC}.Debug|x86.ActiveCfg = Debug|Any CPU
		{3E14AE72-69D8-420F-9CAF-EF9140DBF6BC}.Debug|x86.Build.0 = Debug|Any CPU
		{3E14AE72-69D8-420F-9CAF-EF9140DBF6BC}.Release|Any CPU.ActiveCfg = Release|Any CPU
		{3E14AE72-69D8-420F-9CAF-EF9140DBF6BC}.Release|Any CPU.Build.0 = Release|Any CPU
		{3E14AE72-69D8-420F-9CAF-EF9140DBF6BC}.Release|ARM.ActiveCfg = Release|Any CPU
		{3E14AE72-69D8-420F-9CAF-EF9140DBF6BC}.Release|ARM.Build.0 = Release|Any CPU
		{3E14AE72-69D8-420F-9CAF-EF9140DBF6BC}.Release|iPhone.ActiveCfg = Release|Any CPU
		{3E14AE72-69D8-420F-9CAF-EF9140DBF6BC}.Release|iPhone.Build.0 = Release|Any CPU
		{3E14AE72-69D8-420F-9CAF-EF9140DBF6BC}.Release|iPhoneSimulator.ActiveCfg = Release|Any CPU
		{3E14AE72-69D8-420F-9CAF-EF9140DBF6BC}.Release|iPhoneSimulator.Build.0 = Release|Any CPU
		{3E14AE72-69D8-420F-9CAF-EF9140DBF6BC}.Release|x64.ActiveCfg = Release|Any CPU
		{3E14AE72-69D8-420F-9CAF-EF9140DBF6BC}.Release|x64.Build.0 = Release|Any CPU
		{3E14AE72-69D8-420F-9CAF-EF9140DBF6BC}.Release|x86.ActiveCfg = Release|Any CPU
		{3E14AE72-69D8-420F-9CAF-EF9140DBF6BC}.Release|x86.Build.0 = Release|Any CPU
		{C969E487-B686-40AB-BDDE-F22CAB293CAE}.Ad-Hoc|Any CPU.ActiveCfg = Release|x86
		{C969E487-B686-40AB-BDDE-F22CAB293CAE}.Ad-Hoc|Any CPU.Build.0 = Release|x86
		{C969E487-B686-40AB-BDDE-F22CAB293CAE}.Ad-Hoc|Any CPU.Deploy.0 = Release|x86
		{C969E487-B686-40AB-BDDE-F22CAB293CAE}.Ad-Hoc|ARM.ActiveCfg = Release|ARM
		{C969E487-B686-40AB-BDDE-F22CAB293CAE}.Ad-Hoc|ARM.Build.0 = Release|ARM
		{C969E487-B686-40AB-BDDE-F22CAB293CAE}.Ad-Hoc|ARM.Deploy.0 = Release|ARM
		{C969E487-B686-40AB-BDDE-F22CAB293CAE}.Ad-Hoc|iPhone.ActiveCfg = Release|x86
		{C969E487-B686-40AB-BDDE-F22CAB293CAE}.Ad-Hoc|iPhone.Build.0 = Release|x86
		{C969E487-B686-40AB-BDDE-F22CAB293CAE}.Ad-Hoc|iPhone.Deploy.0 = Release|x86
		{C969E487-B686-40AB-BDDE-F22CAB293CAE}.Ad-Hoc|iPhoneSimulator.ActiveCfg = Release|x86
		{C969E487-B686-40AB-BDDE-F22CAB293CAE}.Ad-Hoc|iPhoneSimulator.Build.0 = Release|x86
		{C969E487-B686-40AB-BDDE-F22CAB293CAE}.Ad-Hoc|iPhoneSimulator.Deploy.0 = Release|x86
		{C969E487-B686-40AB-BDDE-F22CAB293CAE}.Ad-Hoc|x64.ActiveCfg = Release|x64
		{C969E487-B686-40AB-BDDE-F22CAB293CAE}.Ad-Hoc|x64.Build.0 = Release|x64
		{C969E487-B686-40AB-BDDE-F22CAB293CAE}.Ad-Hoc|x64.Deploy.0 = Release|x64
		{C969E487-B686-40AB-BDDE-F22CAB293CAE}.Ad-Hoc|x86.ActiveCfg = Release|x86
		{C969E487-B686-40AB-BDDE-F22CAB293CAE}.Ad-Hoc|x86.Build.0 = Release|x86
		{C969E487-B686-40AB-BDDE-F22CAB293CAE}.Ad-Hoc|x86.Deploy.0 = Release|x86
		{C969E487-B686-40AB-BDDE-F22CAB293CAE}.AppStore|Any CPU.ActiveCfg = Release|x86
		{C969E487-B686-40AB-BDDE-F22CAB293CAE}.AppStore|Any CPU.Build.0 = Release|x86
		{C969E487-B686-40AB-BDDE-F22CAB293CAE}.AppStore|Any CPU.Deploy.0 = Release|x86
		{C969E487-B686-40AB-BDDE-F22CAB293CAE}.AppStore|ARM.ActiveCfg = Release|ARM
		{C969E487-B686-40AB-BDDE-F22CAB293CAE}.AppStore|ARM.Build.0 = Release|ARM
		{C969E487-B686-40AB-BDDE-F22CAB293CAE}.AppStore|ARM.Deploy.0 = Release|ARM
		{C969E487-B686-40AB-BDDE-F22CAB293CAE}.AppStore|iPhone.ActiveCfg = Release|x86
		{C969E487-B686-40AB-BDDE-F22CAB293CAE}.AppStore|iPhone.Build.0 = Release|x86
		{C969E487-B686-40AB-BDDE-F22CAB293CAE}.AppStore|iPhone.Deploy.0 = Release|x86
		{C969E487-B686-40AB-BDDE-F22CAB293CAE}.AppStore|iPhoneSimulator.ActiveCfg = Release|x86
		{C969E487-B686-40AB-BDDE-F22CAB293CAE}.AppStore|iPhoneSimulator.Build.0 = Release|x86
		{C969E487-B686-40AB-BDDE-F22CAB293CAE}.AppStore|iPhoneSimulator.Deploy.0 = Release|x86
		{C969E487-B686-40AB-BDDE-F22CAB293CAE}.AppStore|x64.ActiveCfg = Release|x64
		{C969E487-B686-40AB-BDDE-F22CAB293CAE}.AppStore|x64.Build.0 = Release|x64
		{C969E487-B686-40AB-BDDE-F22CAB293CAE}.AppStore|x64.Deploy.0 = Release|x64
		{C969E487-B686-40AB-BDDE-F22CAB293CAE}.AppStore|x86.ActiveCfg = Release|x86
		{C969E487-B686-40AB-BDDE-F22CAB293CAE}.AppStore|x86.Build.0 = Release|x86
		{C969E487-B686-40AB-BDDE-F22CAB293CAE}.AppStore|x86.Deploy.0 = Release|x86
		{C969E487-B686-40AB-BDDE-F22CAB293CAE}.Debug|Any CPU.ActiveCfg = Debug|x86
		{C969E487-B686-40AB-BDDE-F22CAB293CAE}.Debug|ARM.ActiveCfg = Debug|ARM
		{C969E487-B686-40AB-BDDE-F22CAB293CAE}.Debug|ARM.Build.0 = Debug|ARM
		{C969E487-B686-40AB-BDDE-F22CAB293CAE}.Debug|ARM.Deploy.0 = Debug|ARM
		{C969E487-B686-40AB-BDDE-F22CAB293CAE}.Debug|iPhone.ActiveCfg = Debug|x86
		{C969E487-B686-40AB-BDDE-F22CAB293CAE}.Debug|iPhoneSimulator.ActiveCfg = Debug|x86
		{C969E487-B686-40AB-BDDE-F22CAB293CAE}.Debug|x64.ActiveCfg = Debug|x64
		{C969E487-B686-40AB-BDDE-F22CAB293CAE}.Debug|x64.Build.0 = Debug|x64
		{C969E487-B686-40AB-BDDE-F22CAB293CAE}.Debug|x64.Deploy.0 = Debug|x64
		{C969E487-B686-40AB-BDDE-F22CAB293CAE}.Debug|x86.ActiveCfg = Debug|x86
		{C969E487-B686-40AB-BDDE-F22CAB293CAE}.Debug|x86.Build.0 = Debug|x86
		{C969E487-B686-40AB-BDDE-F22CAB293CAE}.Debug|x86.Deploy.0 = Debug|x86
		{C969E487-B686-40AB-BDDE-F22CAB293CAE}.Release|Any CPU.ActiveCfg = Release|x86
		{C969E487-B686-40AB-BDDE-F22CAB293CAE}.Release|ARM.ActiveCfg = Release|ARM
		{C969E487-B686-40AB-BDDE-F22CAB293CAE}.Release|ARM.Build.0 = Release|ARM
		{C969E487-B686-40AB-BDDE-F22CAB293CAE}.Release|ARM.Deploy.0 = Release|ARM
		{C969E487-B686-40AB-BDDE-F22CAB293CAE}.Release|iPhone.ActiveCfg = Release|x86
		{C969E487-B686-40AB-BDDE-F22CAB293CAE}.Release|iPhoneSimulator.ActiveCfg = Release|x86
		{C969E487-B686-40AB-BDDE-F22CAB293CAE}.Release|x64.ActiveCfg = Release|x64
		{C969E487-B686-40AB-BDDE-F22CAB293CAE}.Release|x64.Build.0 = Release|x64
		{C969E487-B686-40AB-BDDE-F22CAB293CAE}.Release|x64.Deploy.0 = Release|x64
		{C969E487-B686-40AB-BDDE-F22CAB293CAE}.Release|x86.ActiveCfg = Release|x86
		{C969E487-B686-40AB-BDDE-F22CAB293CAE}.Release|x86.Build.0 = Release|x86
		{C969E487-B686-40AB-BDDE-F22CAB293CAE}.Release|x86.Deploy.0 = Release|x86
		{ADA35496-3BA5-4985-A8E3-A572F9AEFAD1}.Ad-Hoc|Any CPU.ActiveCfg = Ad-Hoc|iPhone
		{ADA35496-3BA5-4985-A8E3-A572F9AEFAD1}.Ad-Hoc|ARM.ActiveCfg = Ad-Hoc|iPhone
		{ADA35496-3BA5-4985-A8E3-A572F9AEFAD1}.Ad-Hoc|iPhone.ActiveCfg = Ad-Hoc|iPhone
		{ADA35496-3BA5-4985-A8E3-A572F9AEFAD1}.Ad-Hoc|iPhone.Build.0 = Ad-Hoc|iPhone
		{ADA35496-3BA5-4985-A8E3-A572F9AEFAD1}.Ad-Hoc|iPhoneSimulator.ActiveCfg = Ad-Hoc|iPhoneSimulator
		{ADA35496-3BA5-4985-A8E3-A572F9AEFAD1}.Ad-Hoc|iPhoneSimulator.Build.0 = Ad-Hoc|iPhoneSimulator
		{ADA35496-3BA5-4985-A8E3-A572F9AEFAD1}.Ad-Hoc|x64.ActiveCfg = Ad-Hoc|iPhone
		{ADA35496-3BA5-4985-A8E3-A572F9AEFAD1}.Ad-Hoc|x86.ActiveCfg = Ad-Hoc|iPhone
		{ADA35496-3BA5-4985-A8E3-A572F9AEFAD1}.AppStore|Any CPU.ActiveCfg = AppStore|iPhone
		{ADA35496-3BA5-4985-A8E3-A572F9AEFAD1}.AppStore|ARM.ActiveCfg = AppStore|iPhone
		{ADA35496-3BA5-4985-A8E3-A572F9AEFAD1}.AppStore|iPhone.ActiveCfg = AppStore|iPhone
		{ADA35496-3BA5-4985-A8E3-A572F9AEFAD1}.AppStore|iPhone.Build.0 = AppStore|iPhone
		{ADA35496-3BA5-4985-A8E3-A572F9AEFAD1}.AppStore|iPhoneSimulator.ActiveCfg = AppStore|iPhoneSimulator
		{ADA35496-3BA5-4985-A8E3-A572F9AEFAD1}.AppStore|iPhoneSimulator.Build.0 = AppStore|iPhoneSimulator
		{ADA35496-3BA5-4985-A8E3-A572F9AEFAD1}.AppStore|x64.ActiveCfg = AppStore|iPhone
		{ADA35496-3BA5-4985-A8E3-A572F9AEFAD1}.AppStore|x86.ActiveCfg = AppStore|iPhone
		{ADA35496-3BA5-4985-A8E3-A572F9AEFAD1}.Debug|Any CPU.ActiveCfg = Debug|iPhone
		{ADA35496-3BA5-4985-A8E3-A572F9AEFAD1}.Debug|ARM.ActiveCfg = Debug|iPhone
		{ADA35496-3BA5-4985-A8E3-A572F9AEFAD1}.Debug|iPhone.ActiveCfg = Debug|iPhone
		{ADA35496-3BA5-4985-A8E3-A572F9AEFAD1}.Debug|iPhone.Build.0 = Debug|iPhone
		{ADA35496-3BA5-4985-A8E3-A572F9AEFAD1}.Debug|iPhoneSimulator.ActiveCfg = Debug|iPhoneSimulator
		{ADA35496-3BA5-4985-A8E3-A572F9AEFAD1}.Debug|iPhoneSimulator.Build.0 = Debug|iPhoneSimulator
		{ADA35496-3BA5-4985-A8E3-A572F9AEFAD1}.Debug|x64.ActiveCfg = Debug|iPhone
		{ADA35496-3BA5-4985-A8E3-A572F9AEFAD1}.Debug|x86.ActiveCfg = Debug|iPhone
		{ADA35496-3BA5-4985-A8E3-A572F9AEFAD1}.Release|Any CPU.ActiveCfg = Release|iPhone
		{ADA35496-3BA5-4985-A8E3-A572F9AEFAD1}.Release|ARM.ActiveCfg = Release|iPhone
		{ADA35496-3BA5-4985-A8E3-A572F9AEFAD1}.Release|iPhone.ActiveCfg = Release|iPhone
		{ADA35496-3BA5-4985-A8E3-A572F9AEFAD1}.Release|iPhone.Build.0 = Release|iPhone
		{ADA35496-3BA5-4985-A8E3-A572F9AEFAD1}.Release|iPhoneSimulator.ActiveCfg = Release|iPhoneSimulator
		{ADA35496-3BA5-4985-A8E3-A572F9AEFAD1}.Release|iPhoneSimulator.Build.0 = Release|iPhoneSimulator
		{ADA35496-3BA5-4985-A8E3-A572F9AEFAD1}.Release|x64.ActiveCfg = Release|iPhone
		{ADA35496-3BA5-4985-A8E3-A572F9AEFAD1}.Release|x86.ActiveCfg = Release|iPhone
	EndGlobalSection
	GlobalSection(SolutionProperties) = preSolution
		HideSolutionNode = FALSE
	EndGlobalSection
	GlobalSection(ExtensibilityGlobals) = postSolution
		SolutionGuid = {94FD4F0A-84BD-4AFF-A63A-911290705B96}
	EndGlobalSection
EndGlobal
