
Microsoft Visual Studio Solution File, Format Version 12.00
# Visual Studio 15
VisualStudioVersion = 15.0.26730.15
MinimumVisualStudioVersion = 10.0.40219.1
Project("{FAE04EC0-301F-11D3-BF4B-00C04F79EFBC}") = "FormMVVMDemo.Android", "FormMVVMDemo\FormMVVMDemo.Android\FormMVVMDemo.Android.csproj", "{FCA77021-654B-450D-A476-81580AA85D43}"
EndProject
Project("{FAE04EC0-301F-11D3-BF4B-00C04F79EFBC}") = "FormMVVMDemo", "FormMVVMDemo\FormMVVMDemo\FormMVVMDemo.csproj", "{1D94B03A-FE7E-40C8-AFD5-557137C843F4}"
EndProject
Project("{FAE04EC0-301F-11D3-BF4B-00C04F79EFBC}") = "FormMVVMDemo.iOS", "FormMVVMDemo\FormMVVMDemo.iOS\FormMVVMDemo.iOS.csproj", "{2BD503CE-79B2-4F35-AA66-17A337832CF9}"
EndProject
Global
	GlobalSection(SolutionConfigurationPlatforms) = preSolution
		Ad-Hoc|Any CPU = Ad-Hoc|Any CPU
		Ad-Hoc|iPhone = Ad-Hoc|iPhone
		Ad-Hoc|iPhoneSimulator = Ad-Hoc|iPhoneSimulator
		AppStore|Any CPU = AppStore|Any CPU
		AppStore|iPhone = AppStore|iPhone
		AppStore|iPhoneSimulator = AppStore|iPhoneSimulator
		Debug|Any CPU = Debug|Any CPU
		Debug|iPhone = Debug|iPhone
		Debug|iPhoneSimulator = Debug|iPhoneSimulator
		Release|Any CPU = Release|Any CPU
		Release|iPhone = Release|iPhone
		Release|iPhoneSimulator = Release|iPhoneSimulator
	EndGlobalSection
	GlobalSection(ProjectConfigurationPlatforms) = postSolution
		{FCA77021-654B-450D-A476-81580AA85D43}.Ad-Hoc|Any CPU.ActiveCfg = Release|Any CPU
		{FCA77021-654B-450D-A476-81580AA85D43}.Ad-Hoc|Any CPU.Build.0 = Release|Any CPU
		{FCA77021-654B-450D-A476-81580AA85D43}.Ad-Hoc|Any CPU.Deploy.0 = Release|Any CPU
		{FCA77021-654B-450D-A476-81580AA85D43}.Ad-Hoc|iPhone.ActiveCfg = Release|Any CPU
		{FCA77021-654B-450D-A476-81580AA85D43}.Ad-Hoc|iPhone.Build.0 = Release|Any CPU
		{FCA77021-654B-450D-A476-81580AA85D43}.Ad-Hoc|iPhone.Deploy.0 = Release|Any CPU
		{FCA77021-654B-450D-A476-81580AA85D43}.Ad-Hoc|iPhoneSimulator.ActiveCfg = Release|Any CPU
		{FCA77021-654B-450D-A476-81580AA85D43}.Ad-Hoc|iPhoneSimulator.Build.0 = Release|Any CPU
		{FCA77021-654B-450D-A476-81580AA85D43}.Ad-Hoc|iPhoneSimulator.Deploy.0 = Release|Any CPU
		{FCA77021-654B-450D-A476-81580AA85D43}.AppStore|Any CPU.ActiveCfg = Release|Any CPU
		{FCA77021-654B-450D-A476-81580AA85D43}.AppStore|Any CPU.Build.0 = Release|Any CPU
		{FCA77021-654B-450D-A476-81580AA85D43}.AppStore|Any CPU.Deploy.0 = Release|Any CPU
		{FCA77021-654B-450D-A476-81580AA85D43}.AppStore|iPhone.ActiveCfg = Release|Any CPU
		{FCA77021-654B-450D-A476-81580AA85D43}.AppStore|iPhone.Build.0 = Release|Any CPU
		{FCA77021-654B-450D-A476-81580AA85D43}.AppStore|iPhone.Deploy.0 = Release|Any CPU
		{FCA77021-654B-450D-A476-81580AA85D43}.AppStore|iPhoneSimulator.ActiveCfg = Release|Any CPU
		{FCA77021-654B-450D-A476-81580AA85D43}.AppStore|iPhoneSimulator.Build.0 = Release|Any CPU
		{FCA77021-654B-450D-A476-81580AA85D43}.AppStore|iPhoneSimulator.Deploy.0 = Release|Any CPU
		{FCA77021-654B-450D-A476-81580AA85D43}.Debug|Any CPU.ActiveCfg = Debug|Any CPU
		{FCA77021-654B-450D-A476-81580AA85D43}.Debug|Any CPU.Build.0 = Debug|Any CPU
		{FCA77021-654B-450D-A476-81580AA85D43}.Debug|Any CPU.Deploy.0 = Debug|Any CPU
		{FCA77021-654B-450D-A476-81580AA85D43}.Debug|iPhone.ActiveCfg = Debug|Any CPU
		{FCA77021-654B-450D-A476-81580AA85D43}.Debug|iPhone.Build.0 = Debug|Any CPU
		{FCA77021-654B-450D-A476-81580AA85D43}.Debug|iPhone.Deploy.0 = Debug|Any CPU
		{FCA77021-654B-450D-A476-81580AA85D43}.Debug|iPhoneSimulator.ActiveCfg = Debug|Any CPU
		{FCA77021-654B-450D-A476-81580AA85D43}.Debug|iPhoneSimulator.Build.0 = Debug|Any CPU
		{FCA77021-654B-450D-A476-81580AA85D43}.Debug|iPhoneSimulator.Deploy.0 = Debug|Any CPU
		{FCA77021-654B-450D-A476-81580AA85D43}.Release|Any CPU.ActiveCfg = Release|Any CPU
		{FCA77021-654B-450D-A476-81580AA85D43}.Release|Any CPU.Build.0 = Release|Any CPU
		{FCA77021-654B-450D-A476-81580AA85D43}.Release|Any CPU.Deploy.0 = Release|Any CPU
		{FCA77021-654B-450D-A476-81580AA85D43}.Release|iPhone.ActiveCfg = Release|Any CPU
		{FCA77021-654B-450D-A476-81580AA85D43}.Release|iPhone.Build.0 = Release|Any CPU
		{FCA77021-654B-450D-A476-81580AA85D43}.Release|iPhone.Deploy.0 = Release|Any CPU
		{FCA77021-654B-450D-A476-81580AA85D43}.Release|iPhoneSimulator.ActiveCfg = Release|Any CPU
		{FCA77021-654B-450D-A476-81580AA85D43}.Release|iPhoneSimulator.Build.0 = Release|Any CPU
		{FCA77021-654B-450D-A476-81580AA85D43}.Release|iPhoneSimulator.Deploy.0 = Release|Any CPU
		{1D94B03A-FE7E-40C8-AFD5-557137C843F4}.Ad-Hoc|Any CPU.ActiveCfg = Release|Any CPU
		{1D94B03A-FE7E-40C8-AFD5-557137C843F4}.Ad-Hoc|Any CPU.Build.0 = Release|Any CPU
		{1D94B03A-FE7E-40C8-AFD5-557137C843F4}.Ad-Hoc|iPhone.ActiveCfg = Release|Any CPU
		{1D94B03A-FE7E-40C8-AFD5-557137C843F4}.Ad-Hoc|iPhone.Build.0 = Release|Any CPU
		{1D94B03A-FE7E-40C8-AFD5-557137C843F4}.Ad-Hoc|iPhoneSimulator.ActiveCfg = Release|Any CPU
		{1D94B03A-FE7E-40C8-AFD5-557137C843F4}.Ad-Hoc|iPhoneSimulator.Build.0 = Release|Any CPU
		{1D94B03A-FE7E-40C8-AFD5-557137C843F4}.AppStore|Any CPU.ActiveCfg = Release|Any CPU
		{1D94B03A-FE7E-40C8-AFD5-557137C843F4}.AppStore|Any CPU.Build.0 = Release|Any CPU
		{1D94B03A-FE7E-40C8-AFD5-557137C843F4}.AppStore|iPhone.ActiveCfg = Release|Any CPU
		{1D94B03A-FE7E-40C8-AFD5-557137C843F4}.AppStore|iPhone.Build.0 = Release|Any CPU
		{1D94B03A-FE7E-40C8-AFD5-557137C843F4}.AppStore|iPhoneSimulator.ActiveCfg = Release|Any CPU
		{1D94B03A-FE7E-40C8-AFD5-557137C843F4}.AppStore|iPhoneSimulator.Build.0 = Release|Any CPU
		{1D94B03A-FE7E-40C8-AFD5-557137C843F4}.Debug|Any CPU.ActiveCfg = Debug|Any CPU
		{1D94B03A-FE7E-40C8-AFD5-557137C843F4}.Debug|Any CPU.Build.0 = Debug|Any CPU
		{1D94B03A-FE7E-40C8-AFD5-557137C843F4}.Debug|iPhone.ActiveCfg = Debug|Any CPU
		{1D94B03A-FE7E-40C8-AFD5-557137C843F4}.Debug|iPhone.Build.0 = Debug|Any CPU
		{1D94B03A-FE7E-40C8-AFD5-557137C843F4}.Debug|iPhoneSimulator.ActiveCfg = Debug|Any CPU
		{1D94B03A-FE7E-40C8-AFD5-557137C843F4}.Debug|iPhoneSimulator.Build.0 = Debug|Any CPU
		{1D94B03A-FE7E-40C8-AFD5-557137C843F4}.Release|Any CPU.ActiveCfg = Release|Any CPU
		{1D94B03A-FE7E-40C8-AFD5-557137C843F4}.Release|Any CPU.Build.0 = Release|Any CPU
		{1D94B03A-FE7E-40C8-AFD5-557137C843F4}.Release|iPhone.ActiveCfg = Release|Any CPU
		{1D94B03A-FE7E-40C8-AFD5-557137C843F4}.Release|iPhone.Build.0 = Release|Any CPU
		{1D94B03A-FE7E-40C8-AFD5-557137C843F4}.Release|iPhoneSimulator.ActiveCfg = Release|Any CPU
		{1D94B03A-FE7E-40C8-AFD5-557137C843F4}.Release|iPhoneSimulator.Build.0 = Release|Any CPU
		{2BD503CE-79B2-4F35-AA66-17A337832CF9}.Ad-Hoc|Any CPU.ActiveCfg = Ad-Hoc|iPhone
		{2BD503CE-79B2-4F35-AA66-17A337832CF9}.Ad-Hoc|iPhone.ActiveCfg = Ad-Hoc|iPhone
		{2BD503CE-79B2-4F35-AA66-17A337832CF9}.Ad-Hoc|iPhone.Build.0 = Ad-Hoc|iPhone
		{2BD503CE-79B2-4F35-AA66-17A337832CF9}.Ad-Hoc|iPhoneSimulator.ActiveCfg = Ad-Hoc|iPhoneSimulator
		{2BD503CE-79B2-4F35-AA66-17A337832CF9}.Ad-Hoc|iPhoneSimulator.Build.0 = Ad-Hoc|iPhoneSimulator
		{2BD503CE-79B2-4F35-AA66-17A337832CF9}.AppStore|Any CPU.ActiveCfg = AppStore|iPhone
		{2BD503CE-79B2-4F35-AA66-17A337832CF9}.AppStore|iPhone.ActiveCfg = AppStore|iPhone
		{2BD503CE-79B2-4F35-AA66-17A337832CF9}.AppStore|iPhone.Build.0 = AppStore|iPhone
		{2BD503CE-79B2-4F35-AA66-17A337832CF9}.AppStore|iPhoneSimulator.ActiveCfg = AppStore|iPhoneSimulator
		{2BD503CE-79B2-4F35-AA66-17A337832CF9}.AppStore|iPhoneSimulator.Build.0 = AppStore|iPhoneSimulator
		{2BD503CE-79B2-4F35-AA66-17A337832CF9}.Debug|Any CPU.ActiveCfg = Debug|iPhone
		{2BD503CE-79B2-4F35-AA66-17A337832CF9}.Debug|iPhone.ActiveCfg = Debug|iPhone
		{2BD503CE-79B2-4F35-AA66-17A337832CF9}.Debug|iPhone.Build.0 = Debug|iPhone
		{2BD503CE-79B2-4F35-AA66-17A337832CF9}.Debug|iPhoneSimulator.ActiveCfg = Debug|iPhoneSimulator
		{2BD503CE-79B2-4F35-AA66-17A337832CF9}.Debug|iPhoneSimulator.Build.0 = Debug|iPhoneSimulator
		{2BD503CE-79B2-4F35-AA66-17A337832CF9}.Release|Any CPU.ActiveCfg = Release|iPhone
		{2BD503CE-79B2-4F35-AA66-17A337832CF9}.Release|iPhone.ActiveCfg = Release|iPhone
		{2BD503CE-79B2-4F35-AA66-17A337832CF9}.Release|iPhone.Build.0 = Release|iPhone
		{2BD503CE-79B2-4F35-AA66-17A337832CF9}.Release|iPhoneSimulator.ActiveCfg = Release|iPhoneSimulator
		{2BD503CE-79B2-4F35-AA66-17A337832CF9}.Release|iPhoneSimulator.Build.0 = Release|iPhoneSimulator
	EndGlobalSection
	GlobalSection(SolutionProperties) = preSolution
		HideSolutionNode = FALSE
	EndGlobalSection
	GlobalSection(ExtensibilityGlobals) = postSolution
		SolutionGuid = {7418CDD0-B5C9-4BD9-834F-28A66BA9913B}
	EndGlobalSection
EndGlobal
