
Microsoft Visual Studio Solution File, Format Version 12.00
# Visual Studio 15
VisualStudioVersion = 15.0.26730.8
MinimumVisualStudioVersion = 10.0.40219.1
Project("{FAE04EC0-301F-11D3-BF4B-00C04F79EFBC}") = "WorkingDemo.Android", "WorkingDemo\WorkingDemo.Android\WorkingDemo.Android.csproj", "{87966AEA-4D0D-49B9-8213-EA483CF7E1DA}"
EndProject
Project("{FAE04EC0-301F-11D3-BF4B-00C04F79EFBC}") = "WorkingDemo", "WorkingDemo\WorkingDemo\WorkingDemo.csproj", "{9D115DDD-C25F-49BC-B606-B48C0AB06D40}"
EndProject
Project("{FAE04EC0-301F-11D3-BF4B-00C04F79EFBC}") = "WorkingDemo.UWP", "WorkingDemo\WorkingDemo.UWP\WorkingDemo.UWP.csproj", "{47F37DD0-7587-4C20-8B32-89C56AAB1564}"
EndProject
Project("{FAE04EC0-301F-11D3-BF4B-00C04F79EFBC}") = "WorkingDemo.iOS", "WorkingDemo\WorkingDemo.iOS\WorkingDemo.iOS.csproj", "{1C930D83-4875-49E5-852A-44E437E9B6BD}"
EndProject
Global
	GlobalSection(SolutionConfigurationPlatforms) = preSolution
		Ad-Hoc|Any CPU = Ad-Hoc|Any CPU
		Ad-Hoc|ARM = Ad-Hoc|ARM
		Ad-Hoc|iPhone = Ad-Hoc|iPhone
		Ad-Hoc|iPhoneSimulator = Ad-Hoc|iPhoneSimulator
		Ad-Hoc|x64 = Ad-Hoc|x64
		Ad-Hoc|x86 = Ad-Hoc|x86
		AppStore|Any CPU = AppStore|Any CPU
		AppStore|ARM = AppStore|ARM
		AppStore|iPhone = AppStore|iPhone
		AppStore|iPhoneSimulator = AppStore|iPhoneSimulator
		AppStore|x64 = AppStore|x64
		AppStore|x86 = AppStore|x86
		Debug|Any CPU = Debug|Any CPU
		Debug|ARM = Debug|ARM
		Debug|iPhone = Debug|iPhone
		Debug|iPhoneSimulator = Debug|iPhoneSimulator
		Debug|x64 = Debug|x64
		Debug|x86 = Debug|x86
		Release|Any CPU = Release|Any CPU
		Release|ARM = Release|ARM
		Release|iPhone = Release|iPhone
		Release|iPhoneSimulator = Release|iPhoneSimulator
		Release|x64 = Release|x64
		Release|x86 = Release|x86
	EndGlobalSection
	GlobalSection(ProjectConfigurationPlatforms) = postSolution
		{87966AEA-4D0D-49B9-8213-EA483CF7E1DA}.Ad-Hoc|Any CPU.ActiveCfg = Release|Any CPU
		{87966AEA-4D0D-49B9-8213-EA483CF7E1DA}.Ad-Hoc|Any CPU.Build.0 = Release|Any CPU
		{87966AEA-4D0D-49B9-8213-EA483CF7E1DA}.Ad-Hoc|Any CPU.Deploy.0 = Release|Any CPU
		{87966AEA-4D0D-49B9-8213-EA483CF7E1DA}.Ad-Hoc|ARM.ActiveCfg = Release|Any CPU
		{87966AEA-4D0D-49B9-8213-EA483CF7E1DA}.Ad-Hoc|ARM.Build.0 = Release|Any CPU
		{87966AEA-4D0D-49B9-8213-EA483CF7E1DA}.Ad-Hoc|ARM.Deploy.0 = Release|Any CPU
		{87966AEA-4D0D-49B9-8213-EA483CF7E1DA}.Ad-Hoc|iPhone.ActiveCfg = Release|Any CPU
		{87966AEA-4D0D-49B9-8213-EA483CF7E1DA}.Ad-Hoc|iPhone.Build.0 = Release|Any CPU
		{87966AEA-4D0D-49B9-8213-EA483CF7E1DA}.Ad-Hoc|iPhone.Deploy.0 = Release|Any CPU
		{87966AEA-4D0D-49B9-8213-EA483CF7E1DA}.Ad-Hoc|iPhoneSimulator.ActiveCfg = Release|Any CPU
		{87966AEA-4D0D-49B9-8213-EA483CF7E1DA}.Ad-Hoc|iPhoneSimulator.Build.0 = Release|Any CPU
		{87966AEA-4D0D-49B9-8213-EA483CF7E1DA}.Ad-Hoc|iPhoneSimulator.Deploy.0 = Release|Any CPU
		{87966AEA-4D0D-49B9-8213-EA483CF7E1DA}.Ad-Hoc|x64.ActiveCfg = Release|Any CPU
		{87966AEA-4D0D-49B9-8213-EA483CF7E1DA}.Ad-Hoc|x64.Build.0 = Release|Any CPU
		{87966AEA-4D0D-49B9-8213-EA483CF7E1DA}.Ad-Hoc|x64.Deploy.0 = Release|Any CPU
		{87966AEA-4D0D-49B9-8213-EA483CF7E1DA}.Ad-Hoc|x86.ActiveCfg = Release|Any CPU
		{87966AEA-4D0D-49B9-8213-EA483CF7E1DA}.Ad-Hoc|x86.Build.0 = Release|Any CPU
		{87966AEA-4D0D-49B9-8213-EA483CF7E1DA}.Ad-Hoc|x86.Deploy.0 = Release|Any CPU
		{87966AEA-4D0D-49B9-8213-EA483CF7E1DA}.AppStore|Any CPU.ActiveCfg = Release|Any CPU
		{87966AEA-4D0D-49B9-8213-EA483CF7E1DA}.AppStore|Any CPU.Build.0 = Release|Any CPU
		{87966AEA-4D0D-49B9-8213-EA483CF7E1DA}.AppStore|Any CPU.Deploy.0 = Release|Any CPU
		{87966AEA-4D0D-49B9-8213-EA483CF7E1DA}.AppStore|ARM.ActiveCfg = Release|Any CPU
		{87966AEA-4D0D-49B9-8213-EA483CF7E1DA}.AppStore|ARM.Build.0 = Release|Any CPU
		{87966AEA-4D0D-49B9-8213-EA483CF7E1DA}.AppStore|ARM.Deploy.0 = Release|Any CPU
		{87966AEA-4D0D-49B9-8213-EA483CF7E1DA}.AppStore|iPhone.ActiveCfg = Release|Any CPU
		{87966AEA-4D0D-49B9-8213-EA483CF7E1DA}.AppStore|iPhone.Build.0 = Release|Any CPU
		{87966AEA-4D0D-49B9-8213-EA483CF7E1DA}.AppStore|iPhone.Deploy.0 = Release|Any CPU
		{87966AEA-4D0D-49B9-8213-EA483CF7E1DA}.AppStore|iPhoneSimulator.ActiveCfg = Release|Any CPU
		{87966AEA-4D0D-49B9-8213-EA483CF7E1DA}.AppStore|iPhoneSimulator.Build.0 = Release|Any CPU
		{87966AEA-4D0D-49B9-8213-EA483CF7E1DA}.AppStore|iPhoneSimulator.Deploy.0 = Release|Any CPU
		{87966AEA-4D0D-49B9-8213-EA483CF7E1DA}.AppStore|x64.ActiveCfg = Release|Any CPU
		{87966AEA-4D0D-49B9-8213-EA483CF7E1DA}.AppStore|x64.Build.0 = Release|Any CPU
		{87966AEA-4D0D-49B9-8213-EA483CF7E1DA}.AppStore|x64.Deploy.0 = Release|Any CPU
		{87966AEA-4D0D-49B9-8213-EA483CF7E1DA}.AppStore|x86.ActiveCfg = Release|Any CPU
		{87966AEA-4D0D-49B9-8213-EA483CF7E1DA}.AppStore|x86.Build.0 = Release|Any CPU
		{87966AEA-4D0D-49B9-8213-EA483CF7E1DA}.AppStore|x86.Deploy.0 = Release|Any CPU
		{87966AEA-4D0D-49B9-8213-EA483CF7E1DA}.Debug|Any CPU.ActiveCfg = Debug|Any CPU
		{87966AEA-4D0D-49B9-8213-EA483CF7E1DA}.Debug|Any CPU.Build.0 = Debug|Any CPU
		{87966AEA-4D0D-49B9-8213-EA483CF7E1DA}.Debug|Any CPU.Deploy.0 = Debug|Any CPU
		{87966AEA-4D0D-49B9-8213-EA483CF7E1DA}.Debug|ARM.ActiveCfg = Debug|Any CPU
		{87966AEA-4D0D-49B9-8213-EA483CF7E1DA}.Debug|ARM.Build.0 = Debug|Any CPU
		{87966AEA-4D0D-49B9-8213-EA483CF7E1DA}.Debug|ARM.Deploy.0 = Debug|Any CPU
		{87966AEA-4D0D-49B9-8213-EA483CF7E1DA}.Debug|iPhone.ActiveCfg = Debug|Any CPU
		{87966AEA-4D0D-49B9-8213-EA483CF7E1DA}.Debug|iPhone.Build.0 = Debug|Any CPU
		{87966AEA-4D0D-49B9-8213-EA483CF7E1DA}.Debug|iPhone.Deploy.0 = Debug|Any CPU
		{87966AEA-4D0D-49B9-8213-EA483CF7E1DA}.Debug|iPhoneSimulator.ActiveCfg = Debug|Any CPU
		{87966AEA-4D0D-49B9-8213-EA483CF7E1DA}.Debug|iPhoneSimulator.Build.0 = Debug|Any CPU
		{87966AEA-4D0D-49B9-8213-EA483CF7E1DA}.Debug|iPhoneSimulator.Deploy.0 = Debug|Any CPU
		{87966AEA-4D0D-49B9-8213-EA483CF7E1DA}.Debug|x64.ActiveCfg = Debug|Any CPU
		{87966AEA-4D0D-49B9-8213-EA483CF7E1DA}.Debug|x64.Build.0 = Debug|Any CPU
		{87966AEA-4D0D-49B9-8213-EA483CF7E1DA}.Debug|x64.Deploy.0 = Debug|Any CPU
		{87966AEA-4D0D-49B9-8213-EA483CF7E1DA}.Debug|x86.ActiveCfg = Debug|Any CPU
		{87966AEA-4D0D-49B9-8213-EA483CF7E1DA}.Debug|x86.Build.0 = Debug|Any CPU
		{87966AEA-4D0D-49B9-8213-EA483CF7E1DA}.Debug|x86.Deploy.0 = Debug|Any CPU
		{87966AEA-4D0D-49B9-8213-EA483CF7E1DA}.Release|Any CPU.ActiveCfg = Release|Any CPU
		{87966AEA-4D0D-49B9-8213-EA483CF7E1DA}.Release|Any CPU.Build.0 = Release|Any CPU
		{87966AEA-4D0D-49B9-8213-EA483CF7E1DA}.Release|Any CPU.Deploy.0 = Release|Any CPU
		{87966AEA-4D0D-49B9-8213-EA483CF7E1DA}.Release|ARM.ActiveCfg = Release|Any CPU
		{87966AEA-4D0D-49B9-8213-EA483CF7E1DA}.Release|ARM.Build.0 = Release|Any CPU
		{87966AEA-4D0D-49B9-8213-EA483CF7E1DA}.Release|ARM.Deploy.0 = Release|Any CPU
		{87966AEA-4D0D-49B9-8213-EA483CF7E1DA}.Release|iPhone.ActiveCfg = Release|Any CPU
		{87966AEA-4D0D-49B9-8213-EA483CF7E1DA}.Release|iPhone.Build.0 = Release|Any CPU
		{87966AEA-4D0D-49B9-8213-EA483CF7E1DA}.Release|iPhone.Deploy.0 = Release|Any CPU
		{87966AEA-4D0D-49B9-8213-EA483CF7E1DA}.Release|iPhoneSimulator.ActiveCfg = Release|Any CPU
		{87966AEA-4D0D-49B9-8213-EA483CF7E1DA}.Release|iPhoneSimulator.Build.0 = Release|Any CPU
		{87966AEA-4D0D-49B9-8213-EA483CF7E1DA}.Release|iPhoneSimulator.Deploy.0 = Release|Any CPU
		{87966AEA-4D0D-49B9-8213-EA483CF7E1DA}.Release|x64.ActiveCfg = Release|Any CPU
		{87966AEA-4D0D-49B9-8213-EA483CF7E1DA}.Release|x64.Build.0 = Release|Any CPU
		{87966AEA-4D0D-49B9-8213-EA483CF7E1DA}.Release|x64.Deploy.0 = Release|Any CPU
		{87966AEA-4D0D-49B9-8213-EA483CF7E1DA}.Release|x86.ActiveCfg = Release|Any CPU
		{87966AEA-4D0D-49B9-8213-EA483CF7E1DA}.Release|x86.Build.0 = Release|Any CPU
		{87966AEA-4D0D-49B9-8213-EA483CF7E1DA}.Release|x86.Deploy.0 = Release|Any CPU
		{9D115DDD-C25F-49BC-B606-B48C0AB06D40}.Ad-Hoc|Any CPU.ActiveCfg = Release|Any CPU
		{9D115DDD-C25F-49BC-B606-B48C0AB06D40}.Ad-Hoc|Any CPU.Build.0 = Release|Any CPU
		{9D115DDD-C25F-49BC-B606-B48C0AB06D40}.Ad-Hoc|ARM.ActiveCfg = Release|Any CPU
		{9D115DDD-C25F-49BC-B606-B48C0AB06D40}.Ad-Hoc|ARM.Build.0 = Release|Any CPU
		{9D115DDD-C25F-49BC-B606-B48C0AB06D40}.Ad-Hoc|iPhone.ActiveCfg = Release|Any CPU
		{9D115DDD-C25F-49BC-B606-B48C0AB06D40}.Ad-Hoc|iPhone.Build.0 = Release|Any CPU
		{9D115DDD-C25F-49BC-B606-B48C0AB06D40}.Ad-Hoc|iPhoneSimulator.ActiveCfg = Release|Any CPU
		{9D115DDD-C25F-49BC-B606-B48C0AB06D40}.Ad-Hoc|iPhoneSimulator.Build.0 = Release|Any CPU
		{9D115DDD-C25F-49BC-B606-B48C0AB06D40}.Ad-Hoc|x64.ActiveCfg = Release|Any CPU
		{9D115DDD-C25F-49BC-B606-B48C0AB06D40}.Ad-Hoc|x64.Build.0 = Release|Any CPU
		{9D115DDD-C25F-49BC-B606-B48C0AB06D40}.Ad-Hoc|x86.ActiveCfg = Release|Any CPU
		{9D115DDD-C25F-49BC-B606-B48C0AB06D40}.Ad-Hoc|x86.Build.0 = Release|Any CPU
		{9D115DDD-C25F-49BC-B606-B48C0AB06D40}.AppStore|Any CPU.ActiveCfg = Release|Any CPU
		{9D115DDD-C25F-49BC-B606-B48C0AB06D40}.AppStore|Any CPU.Build.0 = Release|Any CPU
		{9D115DDD-C25F-49BC-B606-B48C0AB06D40}.AppStore|ARM.ActiveCfg = Release|Any CPU
		{9D115DDD-C25F-49BC-B606-B48C0AB06D40}.AppStore|ARM.Build.0 = Release|Any CPU
		{9D115DDD-C25F-49BC-B606-B48C0AB06D40}.AppStore|iPhone.ActiveCfg = Release|Any CPU
		{9D115DDD-C25F-49BC-B606-B48C0AB06D40}.AppStore|iPhone.Build.0 = Release|Any CPU
		{9D115DDD-C25F-49BC-B606-B48C0AB06D40}.AppStore|iPhoneSimulator.ActiveCfg = Release|Any CPU
		{9D115DDD-C25F-49BC-B606-B48C0AB06D40}.AppStore|iPhoneSimulator.Build.0 = Release|Any CPU
		{9D115DDD-C25F-49BC-B606-B48C0AB06D40}.AppStore|x64.ActiveCfg = Release|Any CPU
		{9D115DDD-C25F-49BC-B606-B48C0AB06D40}.AppStore|x64.Build.0 = Release|Any CPU
		{9D115DDD-C25F-49BC-B606-B48C0AB06D40}.AppStore|x86.ActiveCfg = Release|Any CPU
		{9D115DDD-C25F-49BC-B606-B48C0AB06D40}.AppStore|x86.Build.0 = Release|Any CPU
		{9D115DDD-C25F-49BC-B606-B48C0AB06D40}.Debug|Any CPU.ActiveCfg = Debug|Any CPU
		{9D115DDD-C25F-49BC-B606-B48C0AB06D40}.Debug|Any CPU.Build.0 = Debug|Any CPU
		{9D115DDD-C25F-49BC-B606-B48C0AB06D40}.Debug|ARM.ActiveCfg = Debug|Any CPU
		{9D115DDD-C25F-49BC-B606-B48C0AB06D40}.Debug|ARM.Build.0 = Debug|Any CPU
		{9D115DDD-C25F-49BC-B606-B48C0AB06D40}.Debug|iPhone.ActiveCfg = Debug|Any CPU
		{9D115DDD-C25F-49BC-B606-B48C0AB06D40}.Debug|iPhone.Build.0 = Debug|Any CPU
		{9D115DDD-C25F-49BC-B606-B48C0AB06D40}.Debug|iPhoneSimulator.ActiveCfg = Debug|Any CPU
		{9D115DDD-C25F-49BC-B606-B48C0AB06D40}.Debug|iPhoneSimulator.Build.0 = Debug|Any CPU
		{9D115DDD-C25F-49BC-B606-B48C0AB06D40}.Debug|x64.ActiveCfg = Debug|Any CPU
		{9D115DDD-C25F-49BC-B606-B48C0AB06D40}.Debug|x64.Build.0 = Debug|Any CPU
		{9D115DDD-C25F-49BC-B606-B48C0AB06D40}.Debug|x86.ActiveCfg = Debug|Any CPU
		{9D115DDD-C25F-49BC-B606-B48C0AB06D40}.Debug|x86.Build.0 = Debug|Any CPU
		{9D115DDD-C25F-49BC-B606-B48C0AB06D40}.Release|Any CPU.ActiveCfg = Release|Any CPU
		{9D115DDD-C25F-49BC-B606-B48C0AB06D40}.Release|Any CPU.Build.0 = Release|Any CPU
		{9D115DDD-C25F-49BC-B606-B48C0AB06D40}.Release|ARM.ActiveCfg = Release|Any CPU
		{9D115DDD-C25F-49BC-B606-B48C0AB06D40}.Release|ARM.Build.0 = Release|Any CPU
		{9D115DDD-C25F-49BC-B606-B48C0AB06D40}.Release|iPhone.ActiveCfg = Release|Any CPU
		{9D115DDD-C25F-49BC-B606-B48C0AB06D40}.Release|iPhone.Build.0 = Release|Any CPU
		{9D115DDD-C25F-49BC-B606-B48C0AB06D40}.Release|iPhoneSimulator.ActiveCfg = Release|Any CPU
		{9D115DDD-C25F-49BC-B606-B48C0AB06D40}.Release|iPhoneSimulator.Build.0 = Release|Any CPU
		{9D115DDD-C25F-49BC-B606-B48C0AB06D40}.Release|x64.ActiveCfg = Release|Any CPU
		{9D115DDD-C25F-49BC-B606-B48C0AB06D40}.Release|x64.Build.0 = Release|Any CPU
		{9D115DDD-C25F-49BC-B606-B48C0AB06D40}.Release|x86.ActiveCfg = Release|Any CPU
		{9D115DDD-C25F-49BC-B606-B48C0AB06D40}.Release|x86.Build.0 = Release|Any CPU
		{47F37DD0-7587-4C20-8B32-89C56AAB1564}.Ad-Hoc|Any CPU.ActiveCfg = Release|x86
		{47F37DD0-7587-4C20-8B32-89C56AAB1564}.Ad-Hoc|Any CPU.Build.0 = Release|x86
		{47F37DD0-7587-4C20-8B32-89C56AAB1564}.Ad-Hoc|Any CPU.Deploy.0 = Release|x86
		{47F37DD0-7587-4C20-8B32-89C56AAB1564}.Ad-Hoc|ARM.ActiveCfg = Release|ARM
		{47F37DD0-7587-4C20-8B32-89C56AAB1564}.Ad-Hoc|ARM.Build.0 = Release|ARM
		{47F37DD0-7587-4C20-8B32-89C56AAB1564}.Ad-Hoc|ARM.Deploy.0 = Release|ARM
		{47F37DD0-7587-4C20-8B32-89C56AAB1564}.Ad-Hoc|iPhone.ActiveCfg = Release|x86
		{47F37DD0-7587-4C20-8B32-89C56AAB1564}.Ad-Hoc|iPhone.Build.0 = Release|x86
		{47F37DD0-7587-4C20-8B32-89C56AAB1564}.Ad-Hoc|iPhone.Deploy.0 = Release|x86
		{47F37DD0-7587-4C20-8B32-89C56AAB1564}.Ad-Hoc|iPhoneSimulator.ActiveCfg = Release|x86
		{47F37DD0-7587-4C20-8B32-89C56AAB1564}.Ad-Hoc|iPhoneSimulator.Build.0 = Release|x86
		{47F37DD0-7587-4C20-8B32-89C56AAB1564}.Ad-Hoc|iPhoneSimulator.Deploy.0 = Release|x86
		{47F37DD0-7587-4C20-8B32-89C56AAB1564}.Ad-Hoc|x64.ActiveCfg = Release|x64
		{47F37DD0-7587-4C20-8B32-89C56AAB1564}.Ad-Hoc|x64.Build.0 = Release|x64
		{47F37DD0-7587-4C20-8B32-89C56AAB1564}.Ad-Hoc|x64.Deploy.0 = Release|x64
		{47F37DD0-7587-4C20-8B32-89C56AAB1564}.Ad-Hoc|x86.ActiveCfg = Release|x86
		{47F37DD0-7587-4C20-8B32-89C56AAB1564}.Ad-Hoc|x86.Build.0 = Release|x86
		{47F37DD0-7587-4C20-8B32-89C56AAB1564}.Ad-Hoc|x86.Deploy.0 = Release|x86
		{47F37DD0-7587-4C20-8B32-89C56AAB1564}.AppStore|Any CPU.ActiveCfg = Release|x86
		{47F37DD0-7587-4C20-8B32-89C56AAB1564}.AppStore|Any CPU.Build.0 = Release|x86
		{47F37DD0-7587-4C20-8B32-89C56AAB1564}.AppStore|Any CPU.Deploy.0 = Release|x86
		{47F37DD0-7587-4C20-8B32-89C56AAB1564}.AppStore|ARM.ActiveCfg = Release|ARM
		{47F37DD0-7587-4C20-8B32-89C56AAB1564}.AppStore|ARM.Build.0 = Release|ARM
		{47F37DD0-7587-4C20-8B32-89C56AAB1564}.AppStore|ARM.Deploy.0 = Release|ARM
		{47F37DD0-7587-4C20-8B32-89C56AAB1564}.AppStore|iPhone.ActiveCfg = Release|x86
		{47F37DD0-7587-4C20-8B32-89C56AAB1564}.AppStore|iPhone.Build.0 = Release|x86
		{47F37DD0-7587-4C20-8B32-89C56AAB1564}.AppStore|iPhone.Deploy.0 = Release|x86
		{47F37DD0-7587-4C20-8B32-89C56AAB1564}.AppStore|iPhoneSimulator.ActiveCfg = Release|x86
		{47F37DD0-7587-4C20-8B32-89C56AAB1564}.AppStore|iPhoneSimulator.Build.0 = Release|x86
		{47F37DD0-7587-4C20-8B32-89C56AAB1564}.AppStore|iPhoneSimulator.Deploy.0 = Release|x86
		{47F37DD0-7587-4C20-8B32-89C56AAB1564}.AppStore|x64.ActiveCfg = Release|x64
		{47F37DD0-7587-4C20-8B32-89C56AAB1564}.AppStore|x64.Build.0 = Release|x64
		{47F37DD0-7587-4C20-8B32-89C56AAB1564}.AppStore|x64.Deploy.0 = Release|x64
		{47F37DD0-7587-4C20-8B32-89C56AAB1564}.AppStore|x86.ActiveCfg = Release|x86
		{47F37DD0-7587-4C20-8B32-89C56AAB1564}.AppStore|x86.Build.0 = Release|x86
		{47F37DD0-7587-4C20-8B32-89C56AAB1564}.AppStore|x86.Deploy.0 = Release|x86
		{47F37DD0-7587-4C20-8B32-89C56AAB1564}.Debug|Any CPU.ActiveCfg = Debug|x86
		{47F37DD0-7587-4C20-8B32-89C56AAB1564}.Debug|ARM.ActiveCfg = Debug|ARM
		{47F37DD0-7587-4C20-8B32-89C56AAB1564}.Debug|ARM.Build.0 = Debug|ARM
		{47F37DD0-7587-4C20-8B32-89C56AAB1564}.Debug|ARM.Deploy.0 = Debug|ARM
		{47F37DD0-7587-4C20-8B32-89C56AAB1564}.Debug|iPhone.ActiveCfg = Debug|x86
		{47F37DD0-7587-4C20-8B32-89C56AAB1564}.Debug|iPhoneSimulator.ActiveCfg = Debug|x86
		{47F37DD0-7587-4C20-8B32-89C56AAB1564}.Debug|x64.ActiveCfg = Debug|x64
		{47F37DD0-7587-4C20-8B32-89C56AAB1564}.Debug|x64.Build.0 = Debug|x64
		{47F37DD0-7587-4C20-8B32-89C56AAB1564}.Debug|x64.Deploy.0 = Debug|x64
		{47F37DD0-7587-4C20-8B32-89C56AAB1564}.Debug|x86.ActiveCfg = Debug|x86
		{47F37DD0-7587-4C20-8B32-89C56AAB1564}.Debug|x86.Build.0 = Debug|x86
		{47F37DD0-7587-4C20-8B32-89C56AAB1564}.Debug|x86.Deploy.0 = Debug|x86
		{47F37DD0-7587-4C20-8B32-89C56AAB1564}.Release|Any CPU.ActiveCfg = Release|x86
		{47F37DD0-7587-4C20-8B32-89C56AAB1564}.Release|ARM.ActiveCfg = Release|ARM
		{47F37DD0-7587-4C20-8B32-89C56AAB1564}.Release|ARM.Build.0 = Release|ARM
		{47F37DD0-7587-4C20-8B32-89C56AAB1564}.Release|ARM.Deploy.0 = Release|ARM
		{47F37DD0-7587-4C20-8B32-89C56AAB1564}.Release|iPhone.ActiveCfg = Release|x86
		{47F37DD0-7587-4C20-8B32-89C56AAB1564}.Release|iPhoneSimulator.ActiveCfg = Release|x86
		{47F37DD0-7587-4C20-8B32-89C56AAB1564}.Release|x64.ActiveCfg = Release|x64
		{47F37DD0-7587-4C20-8B32-89C56AAB1564}.Release|x64.Build.0 = Release|x64
		{47F37DD0-7587-4C20-8B32-89C56AAB1564}.Release|x64.Deploy.0 = Release|x64
		{47F37DD0-7587-4C20-8B32-89C56AAB1564}.Release|x86.ActiveCfg = Release|x86
		{47F37DD0-7587-4C20-8B32-89C56AAB1564}.Release|x86.Build.0 = Release|x86
		{47F37DD0-7587-4C20-8B32-89C56AAB1564}.Release|x86.Deploy.0 = Release|x86
		{1C930D83-4875-49E5-852A-44E437E9B6BD}.Ad-Hoc|Any CPU.ActiveCfg = Ad-Hoc|iPhone
		{1C930D83-4875-49E5-852A-44E437E9B6BD}.Ad-Hoc|ARM.ActiveCfg = Ad-Hoc|iPhone
		{1C930D83-4875-49E5-852A-44E437E9B6BD}.Ad-Hoc|iPhone.ActiveCfg = Ad-Hoc|iPhone
		{1C930D83-4875-49E5-852A-44E437E9B6BD}.Ad-Hoc|iPhone.Build.0 = Ad-Hoc|iPhone
		{1C930D83-4875-49E5-852A-44E437E9B6BD}.Ad-Hoc|iPhoneSimulator.ActiveCfg = Ad-Hoc|iPhoneSimulator
		{1C930D83-4875-49E5-852A-44E437E9B6BD}.Ad-Hoc|iPhoneSimulator.Build.0 = Ad-Hoc|iPhoneSimulator
		{1C930D83-4875-49E5-852A-44E437E9B6BD}.Ad-Hoc|x64.ActiveCfg = Ad-Hoc|iPhone
		{1C930D83-4875-49E5-852A-44E437E9B6BD}.Ad-Hoc|x86.ActiveCfg = Ad-Hoc|iPhone
		{1C930D83-4875-49E5-852A-44E437E9B6BD}.AppStore|Any CPU.ActiveCfg = AppStore|iPhone
		{1C930D83-4875-49E5-852A-44E437E9B6BD}.AppStore|ARM.ActiveCfg = AppStore|iPhone
		{1C930D83-4875-49E5-852A-44E437E9B6BD}.AppStore|iPhone.ActiveCfg = AppStore|iPhone
		{1C930D83-4875-49E5-852A-44E437E9B6BD}.AppStore|iPhone.Build.0 = AppStore|iPhone
		{1C930D83-4875-49E5-852A-44E437E9B6BD}.AppStore|iPhoneSimulator.ActiveCfg = AppStore|iPhoneSimulator
		{1C930D83-4875-49E5-852A-44E437E9B6BD}.AppStore|iPhoneSimulator.Build.0 = AppStore|iPhoneSimulator
		{1C930D83-4875-49E5-852A-44E437E9B6BD}.AppStore|x64.ActiveCfg = AppStore|iPhone
		{1C930D83-4875-49E5-852A-44E437E9B6BD}.AppStore|x86.ActiveCfg = AppStore|iPhone
		{1C930D83-4875-49E5-852A-44E437E9B6BD}.Debug|Any CPU.ActiveCfg = Debug|iPhone
		{1C930D83-4875-49E5-852A-44E437E9B6BD}.Debug|ARM.ActiveCfg = Debug|iPhone
		{1C930D83-4875-49E5-852A-44E437E9B6BD}.Debug|iPhone.ActiveCfg = Debug|iPhone
		{1C930D83-4875-49E5-852A-44E437E9B6BD}.Debug|iPhone.Build.0 = Debug|iPhone
		{1C930D83-4875-49E5-852A-44E437E9B6BD}.Debug|iPhoneSimulator.ActiveCfg = Debug|iPhoneSimulator
		{1C930D83-4875-49E5-852A-44E437E9B6BD}.Debug|iPhoneSimulator.Build.0 = Debug|iPhoneSimulator
		{1C930D83-4875-49E5-852A-44E437E9B6BD}.Debug|x64.ActiveCfg = Debug|iPhone
		{1C930D83-4875-49E5-852A-44E437E9B6BD}.Debug|x86.ActiveCfg = Debug|iPhone
		{1C930D83-4875-49E5-852A-44E437E9B6BD}.Release|Any CPU.ActiveCfg = Release|iPhone
		{1C930D83-4875-49E5-852A-44E437E9B6BD}.Release|ARM.ActiveCfg = Release|iPhone
		{1C930D83-4875-49E5-852A-44E437E9B6BD}.Release|iPhone.ActiveCfg = Release|iPhone
		{1C930D83-4875-49E5-852A-44E437E9B6BD}.Release|iPhone.Build.0 = Release|iPhone
		{1C930D83-4875-49E5-852A-44E437E9B6BD}.Release|iPhoneSimulator.ActiveCfg = Release|iPhoneSimulator
		{1C930D83-4875-49E5-852A-44E437E9B6BD}.Release|iPhoneSimulator.Build.0 = Release|iPhoneSimulator
		{1C930D83-4875-49E5-852A-44E437E9B6BD}.Release|x64.ActiveCfg = Release|iPhone
		{1C930D83-4875-49E5-852A-44E437E9B6BD}.Release|x86.ActiveCfg = Release|iPhone
	EndGlobalSection
	GlobalSection(SolutionProperties) = preSolution
		HideSolutionNode = FALSE
	EndGlobalSection
	GlobalSection(ExtensibilityGlobals) = postSolution
		SolutionGuid = {38E0622B-5A69-44C8-B6C7-38AF866CBD8E}
	EndGlobalSection
EndGlobal
